
Microsoft Visual Studio Solution File, Format Version 12.00
# Visual Studio Version 16
VisualStudioVersion = 16.0.30413.136
MinimumVisualStudioVersion = 10.0.40219.1
Project("{FAE04EC0-301F-11D3-BF4B-00C04F79EFBC}") = "BankingApp", "BankingApp.csproj", "{42B82FF9-A3E5-486C-A4CA-7CFBA01320B1}"
EndProject
Project("{FAE04EC0-301F-11D3-BF4B-00C04F79EFBC}") = "BankingClientMVC", "..\BankingClientMVC\BankingClientMVC.csproj", "{768C820C-8958-42C5-8FE0-B378432746DD}"
EndProject
Global
	GlobalSection(SolutionConfigurationPlatforms) = preSolution
		Debug|Any CPU = Debug|Any CPU
		Release|Any CPU = Release|Any CPU
	EndGlobalSection
	GlobalSection(ProjectConfigurationPlatforms) = postSolution
		{42B82FF9-A3E5-486C-A4CA-7CFBA01320B1}.Debug|Any CPU.ActiveCfg = Debug|Any CPU
		{42B82FF9-A3E5-486C-A4CA-7CFBA01320B1}.Debug|Any CPU.Build.0 = Debug|Any CPU
		{42B82FF9-A3E5-486C-A4CA-7CFBA01320B1}.Release|Any CPU.ActiveCfg = Release|Any CPU
		{42B82FF9-A3E5-486C-A4CA-7CFBA01320B1}.Release|Any CPU.Build.0 = Release|Any CPU
		{768C820C-8958-42C5-8FE0-B378432746DD}.Debug|Any CPU.ActiveCfg = Debug|Any CPU
		{768C820C-8958-42C5-8FE0-B378432746DD}.Debug|Any CPU.Build.0 = Debug|Any CPU
		{768C820C-8958-42C5-8FE0-B378432746DD}.Release|Any CPU.ActiveCfg = Release|Any CPU
		{768C820C-8958-42C5-8FE0-B378432746DD}.Release|Any CPU.Build.0 = Release|Any CPU
	EndGlobalSection
	GlobalSection(SolutionProperties) = preSolution
		HideSolutionNode = FALSE
	EndGlobalSection
	GlobalSection(ExtensibilityGlobals) = postSolution
		SolutionGuid = {972E7698-F14E-451A-8278-3722D1B44F45}
	EndGlobalSection
EndGlobal
